
Microsoft Visual Studio Solution File, Format Version 12.00
# Visual Studio Version 16
VisualStudioVersion = 16.0.29613.14
MinimumVisualStudioVersion = 10.0.40219.1
Project("{FAE04EC0-301F-11D3-BF4B-00C04F79EFBC}") = "c_Sharp", "c_Sharp\c_Sharp.csproj", "{BC3F6E37-A979-433E-BF85-6F9AB3EFE641}"
EndProject
Global
	GlobalSection(SolutionConfigurationPlatforms) = preSolution
		Debug|Any CPU = Debug|Any CPU
		Release|Any CPU = Release|Any CPU
	EndGlobalSection
	GlobalSection(ProjectConfigurationPlatforms) = postSolution
		{BC3F6E37-A979-433E-BF85-6F9AB3EFE641}.Debug|Any CPU.ActiveCfg = Debug|Any CPU
		{BC3F6E37-A979-433E-BF85-6F9AB3EFE641}.Debug|Any CPU.Build.0 = Debug|Any CPU
		{BC3F6E37-A979-433E-BF85-6F9AB3EFE641}.Release|Any CPU.ActiveCfg = Release|Any CPU
		{BC3F6E37-A979-433E-BF85-6F9AB3EFE641}.Release|Any CPU.Build.0 = Release|Any CPU
	EndGlobalSection
	GlobalSection(SolutionProperties) = preSolution
		HideSolutionNode = FALSE
	EndGlobalSection
	GlobalSection(ExtensibilityGlobals) = postSolution
		SolutionGuid = {F02B630A-2814-4875-96DF-B5734945578C}
	EndGlobalSection
EndGlobal
